
Microsoft Visual Studio Solution File, Format Version 12.00
# Visual Studio 15
VisualStudioVersion = 15.0.27428.2011
MinimumVisualStudioVersion = 10.0.40219.1
Project("{8BC9CEB8-8B4A-11D0-8D11-00A0C91BC942}") = "P1000", "P1000\P1000.vcxproj", "{35222021-3C4C-4C54-A9A2-08B0FABE1EDD}"
EndProject
Project("{8BC9CEB8-8B4A-11D0-8D11-00A0C91BC942}") = "P1001", "P1001\P1001.vcxproj", "{7E4E1596-3987-4700-AE76-A0BDCB9ADBA5}"
EndProject
Project("{8BC9CEB8-8B4A-11D0-8D11-00A0C91BC942}") = "P1090", "P1090\P1090.vcxproj", "{44FEA7A3-E9D0-49EA-B68E-1D4DFE6A9EF4}"
EndProject
Project("{8BC9CEB8-8B4A-11D0-8D11-00A0C91BC942}") = "p1091", "p1091\p1091.vcxproj", "{125E5FD7-C8ED-4BC3-8C02-BE5CB31817A3}"
EndProject
Project("{8BC9CEB8-8B4A-11D0-8D11-00A0C91BC942}") = "P1092", "P1092\P1092.vcxproj", "{D2441CAB-130F-4B30-9F64-2C276974C7FB}"
EndProject
Project("{8BC9CEB8-8B4A-11D0-8D11-00A0C91BC942}") = "P1093", "P1093\P1093.vcxproj", "{EC1FDDD6-E140-423D-997E-5D974EFDDCA6}"
EndProject
Project("{8BC9CEB8-8B4A-11D0-8D11-00A0C91BC942}") = "P1094", "P1094\P1094.vcxproj", "{EEC6D07C-7D8B-45FE-9A08-1AD4CB447137}"
EndProject
Global
	GlobalSection(SolutionConfigurationPlatforms) = preSolution
		Debug|x64 = Debug|x64
		Debug|x86 = Debug|x86
		Release|x64 = Release|x64
		Release|x86 = Release|x86
	EndGlobalSection
	GlobalSection(ProjectConfigurationPlatforms) = postSolution
		{35222021-3C4C-4C54-A9A2-08B0FABE1EDD}.Debug|x64.ActiveCfg = Debug|x64
		{35222021-3C4C-4C54-A9A2-08B0FABE1EDD}.Debug|x64.Build.0 = Debug|x64
		{35222021-3C4C-4C54-A9A2-08B0FABE1EDD}.Debug|x86.ActiveCfg = Debug|Win32
		{35222021-3C4C-4C54-A9A2-08B0FABE1EDD}.Debug|x86.Build.0 = Debug|Win32
		{35222021-3C4C-4C54-A9A2-08B0FABE1EDD}.Release|x64.ActiveCfg = Release|x64
		{35222021-3C4C-4C54-A9A2-08B0FABE1EDD}.Release|x64.Build.0 = Release|x64
		{35222021-3C4C-4C54-A9A2-08B0FABE1EDD}.Release|x86.ActiveCfg = Release|Win32
		{35222021-3C4C-4C54-A9A2-08B0FABE1EDD}.Release|x86.Build.0 = Release|Win32
		{7E4E1596-3987-4700-AE76-A0BDCB9ADBA5}.Debug|x64.ActiveCfg = Debug|x64
		{7E4E1596-3987-4700-AE76-A0BDCB9ADBA5}.Debug|x64.Build.0 = Debug|x64
		{7E4E1596-3987-4700-AE76-A0BDCB9ADBA5}.Debug|x86.ActiveCfg = Debug|Win32
		{7E4E1596-3987-4700-AE76-A0BDCB9ADBA5}.Debug|x86.Build.0 = Debug|Win32
		{7E4E1596-3987-4700-AE76-A0BDCB9ADBA5}.Release|x64.ActiveCfg = Release|x64
		{7E4E1596-3987-4700-AE76-A0BDCB9ADBA5}.Release|x64.Build.0 = Release|x64
		{7E4E1596-3987-4700-AE76-A0BDCB9ADBA5}.Release|x86.ActiveCfg = Release|Win32
		{7E4E1596-3987-4700-AE76-A0BDCB9ADBA5}.Release|x86.Build.0 = Release|Win32
		{44FEA7A3-E9D0-49EA-B68E-1D4DFE6A9EF4}.Debug|x64.ActiveCfg = Debug|x64
		{44FEA7A3-E9D0-49EA-B68E-1D4DFE6A9EF4}.Debug|x64.Build.0 = Debug|x64
		{44FEA7A3-E9D0-49EA-B68E-1D4DFE6A9EF4}.Debug|x86.ActiveCfg = Debug|Win32
		{44FEA7A3-E9D0-49EA-B68E-1D4DFE6A9EF4}.Debug|x86.Build.0 = Debug|Win32
		{44FEA7A3-E9D0-49EA-B68E-1D4DFE6A9EF4}.Release|x64.ActiveCfg = Release|x64
		{44FEA7A3-E9D0-49EA-B68E-1D4DFE6A9EF4}.Release|x64.Build.0 = Release|x64
		{44FEA7A3-E9D0-49EA-B68E-1D4DFE6A9EF4}.Release|x86.ActiveCfg = Release|Win32
		{44FEA7A3-E9D0-49EA-B68E-1D4DFE6A9EF4}.Release|x86.Build.0 = Release|Win32
		{125E5FD7-C8ED-4BC3-8C02-BE5CB31817A3}.Debug|x64.ActiveCfg = Debug|x64
		{125E5FD7-C8ED-4BC3-8C02-BE5CB31817A3}.Debug|x64.Build.0 = Debug|x64
		{125E5FD7-C8ED-4BC3-8C02-BE5CB31817A3}.Debug|x86.ActiveCfg = Debug|Win32
		{125E5FD7-C8ED-4BC3-8C02-BE5CB31817A3}.Debug|x86.Build.0 = Debug|Win32
		{125E5FD7-C8ED-4BC3-8C02-BE5CB31817A3}.Release|x64.ActiveCfg = Release|x64
		{125E5FD7-C8ED-4BC3-8C02-BE5CB31817A3}.Release|x64.Build.0 = Release|x64
		{125E5FD7-C8ED-4BC3-8C02-BE5CB31817A3}.Release|x86.ActiveCfg = Release|Win32
		{125E5FD7-C8ED-4BC3-8C02-BE5CB31817A3}.Release|x86.Build.0 = Release|Win32
		{D2441CAB-130F-4B30-9F64-2C276974C7FB}.Debug|x64.ActiveCfg = Debug|x64
		{D2441CAB-130F-4B30-9F64-2C276974C7FB}.Debug|x64.Build.0 = Debug|x64
		{D2441CAB-130F-4B30-9F64-2C276974C7FB}.Debug|x86.ActiveCfg = Debug|Win32
		{D2441CAB-130F-4B30-9F64-2C276974C7FB}.Debug|x86.Build.0 = Debug|Win32
		{D2441CAB-130F-4B30-9F64-2C276974C7FB}.Release|x64.ActiveCfg = Release|x64
		{D2441CAB-130F-4B30-9F64-2C276974C7FB}.Release|x64.Build.0 = Release|x64
		{D2441CAB-130F-4B30-9F64-2C276974C7FB}.Release|x86.ActiveCfg = Release|Win32
		{D2441CAB-130F-4B30-9F64-2C276974C7FB}.Release|x86.Build.0 = Release|Win32
		{EC1FDDD6-E140-423D-997E-5D974EFDDCA6}.Debug|x64.ActiveCfg = Debug|x64
		{EC1FDDD6-E140-423D-997E-5D974EFDDCA6}.Debug|x64.Build.0 = Debug|x64
		{EC1FDDD6-E140-423D-997E-5D974EFDDCA6}.Debug|x86.ActiveCfg = Debug|Win32
		{EC1FDDD6-E140-423D-997E-5D974EFDDCA6}.Debug|x86.Build.0 = Debug|Win32
		{EC1FDDD6-E140-423D-997E-5D974EFDDCA6}.Release|x64.ActiveCfg = Release|x64
		{EC1FDDD6-E140-423D-997E-5D974EFDDCA6}.Release|x64.Build.0 = Release|x64
		{EC1FDDD6-E140-423D-997E-5D974EFDDCA6}.Release|x86.ActiveCfg = Release|Win32
		{EC1FDDD6-E140-423D-997E-5D974EFDDCA6}.Release|x86.Build.0 = Release|Win32
		{EEC6D07C-7D8B-45FE-9A08-1AD4CB447137}.Debug|x64.ActiveCfg = Debug|x64
		{EEC6D07C-7D8B-45FE-9A08-1AD4CB447137}.Debug|x64.Build.0 = Debug|x64
		{EEC6D07C-7D8B-45FE-9A08-1AD4CB447137}.Debug|x86.ActiveCfg = Debug|Win32
		{EEC6D07C-7D8B-45FE-9A08-1AD4CB447137}.Debug|x86.Build.0 = Debug|Win32
		{EEC6D07C-7D8B-45FE-9A08-1AD4CB447137}.Release|x64.ActiveCfg = Release|x64
		{EEC6D07C-7D8B-45FE-9A08-1AD4CB447137}.Release|x64.Build.0 = Release|x64
		{EEC6D07C-7D8B-45FE-9A08-1AD4CB447137}.Release|x86.ActiveCfg = Release|Win32
		{EEC6D07C-7D8B-45FE-9A08-1AD4CB447137}.Release|x86.Build.0 = Release|Win32
	EndGlobalSection
	GlobalSection(SolutionProperties) = preSolution
		HideSolutionNode = FALSE
	EndGlobalSection
	GlobalSection(ExtensibilityGlobals) = postSolution
		SolutionGuid = {96ADFE4E-969C-4A9F-99AF-481556DA68FB}
	EndGlobalSection
EndGlobal
